
Microsoft Visual Studio Solution File, Format Version 12.00
# Visual Studio Version 17
VisualStudioVersion = 17.4.33110.190
MinimumVisualStudioVersion = 10.0.40219.1
Project("{FAE04EC0-301F-11D3-BF4B-00C04F79EFBC}") = "Personen", "Personen.csproj", "{0640192C-8D4B-4085-B604-B9A2DA66BA49}"
EndProject
Global
	GlobalSection(SolutionConfigurationPlatforms) = preSolution
		Debug|Any CPU = Debug|Any CPU
		Release|Any CPU = Release|Any CPU
	EndGlobalSection
	GlobalSection(ProjectConfigurationPlatforms) = postSolution
		{0640192C-8D4B-4085-B604-B9A2DA66BA49}.Debug|Any CPU.ActiveCfg = Debug|Any CPU
		{0640192C-8D4B-4085-B604-B9A2DA66BA49}.Debug|Any CPU.Build.0 = Debug|Any CPU
		{0640192C-8D4B-4085-B604-B9A2DA66BA49}.Release|Any CPU.ActiveCfg = Release|Any CPU
		{0640192C-8D4B-4085-B604-B9A2DA66BA49}.Release|Any CPU.Build.0 = Release|Any CPU
	EndGlobalSection
	GlobalSection(SolutionProperties) = preSolution
		HideSolutionNode = FALSE
	EndGlobalSection
	GlobalSection(ExtensibilityGlobals) = postSolution
		SolutionGuid = {C0458767-8C79-4C5E-924C-7F9EC775FBD0}
	EndGlobalSection
EndGlobal
